// !$*UTF8*$!
{
	archiveVersion = 1;
	classes = {
	};
	objectVersion = 56;
	objects = {

/* Begin PBXBuildFile section */
		BDDC19AA28DA19B70068F476 /* AppDelegate.swift in Sources */ = {isa = PBXBuildFile; fileRef = BDDC19A928DA19B70068F476 /* AppDelegate.swift */; };
		BDDC19AC28DA19B70068F476 /* SceneDelegate.swift in Sources */ = {isa = PBXBuildFile; fileRef = BDDC19AB28DA19B70068F476 /* SceneDelegate.swift */; };
		BDDC19AE28DA19B70068F476 /* ViewController.swift in Sources */ = {isa = PBXBuildFile; fileRef = BDDC19AD28DA19B70068F476 /* ViewController.swift */; };
		BDDC19B128DA19B70068F476 /* Main.storyboard in Resources */ = {isa = PBXBuildFile; fileRef = BDDC19AF28DA19B70068F476 /* Main.storyboard */; };
		BDDC19B328DA19B70068F476 /* Assets.xcassets in Resources */ = {isa = PBXBuildFile; fileRef = BDDC19B228DA19B70068F476 /* Assets.xcassets */; };
		BDDC19B628DA19B70068F476 /* LaunchScreen.storyboard in Resources */ = {isa = PBXBuildFile; fileRef = BDDC19B428DA19B70068F476 /* LaunchScreen.storyboard */; };
		BDDC19C428DA1FBC0068F476 /* TestCodeExampleTests.swift in Sources */ = {isa = PBXBuildFile; fileRef = BDDC19C328DA1FBC0068F476 /* TestCodeExampleTests.swift */; };
		BDDC19CB28DB6ABC0068F476 /* ViewModel.swift in Sources */ = {isa = PBXBuildFile; fileRef = BDDC19CA28DB6ABC0068F476 /* ViewModel.swift */; };
		BDDC19D328DCAD990068F476 /* TestCodeExampleUITests.swift in Sources */ = {isa = PBXBuildFile; fileRef = BDDC19D228DCAD990068F476 /* TestCodeExampleUITests.swift */; };
/* End PBXBuildFile section */

/* Begin PBXContainerItemProxy section */
		BDDC19C528DA1FBC0068F476 /* PBXContainerItemProxy */ = {
			isa = PBXContainerItemProxy;
			containerPortal = BDDC199E28DA19B60068F476 /* Project object */;
			proxyType = 1;
			remoteGlobalIDString = BDDC19A528DA19B70068F476;
			remoteInfo = TestCodeExample;
		};
		BDDC19D628DCAD990068F476 /* PBXContainerItemProxy */ = {
			isa = PBXContainerItemProxy;
			containerPortal = BDDC199E28DA19B60068F476 /* Project object */;
			proxyType = 1;
			remoteGlobalIDString = BDDC19A528DA19B70068F476;
			remoteInfo = TestCodeExample;
		};
/* End PBXContainerItemProxy section */

/* Begin PBXFileReference section */
		BDDC19A628DA19B70068F476 /* TestCodeExample.app */ = {isa = PBXFileReference; explicitFileType = wrapper.application; includeInIndex = 0; path = TestCodeExample.app; sourceTree = BUILT_PRODUCTS_DIR; };
		BDDC19A928DA19B70068F476 /* AppDelegate.swift */ = {isa = PBXFileReference; lastKnownFileType = sourcecode.swift; path = AppDelegate.swift; sourceTree = "<group>"; };
		BDDC19AB28DA19B70068F476 /* SceneDelegate.swift */ = {isa = PBXFileReference; lastKnownFileType = sourcecode.swift; path = SceneDelegate.swift; sourceTree = "<group>"; };
		BDDC19AD28DA19B70068F476 /* ViewController.swift */ = {isa = PBXFileReference; lastKnownFileType = sourcecode.swift; path = ViewController.swift; sourceTree = "<group>"; };
		BDDC19B028DA19B70068F476 /* Base */ = {isa = PBXFileReference; lastKnownFileType = file.storyboard; name = Base; path = Base.lproj/Main.storyboard; sourceTree = "<group>"; };
		BDDC19B228DA19B70068F476 /* Assets.xcassets */ = {isa = PBXFileReference; lastKnownFileType = folder.assetcatalog; path = Assets.xcassets; sourceTree = "<group>"; };
		BDDC19B528DA19B70068F476 /* Base */ = {isa = PBXFileReference; lastKnownFileType = file.storyboard; name = Base; path = Base.lproj/LaunchScreen.storyboard; sourceTree = "<group>"; };
		BDDC19B728DA19B70068F476 /* Info.plist */ = {isa = PBXFileReference; lastKnownFileType = text.plist.xml; path = Info.plist; sourceTree = "<group>"; };
		BDDC19C128DA1FBC0068F476 /* TestCodeExampleTests.xctest */ = {isa = PBXFileReference; explicitFileType = wrapper.cfbundle; includeInIndex = 0; path = TestCodeExampleTests.xctest; sourceTree = BUILT_PRODUCTS_DIR; };
		BDDC19C328DA1FBC0068F476 /* TestCodeExampleTests.swift */ = {isa = PBXFileReference; lastKnownFileType = sourcecode.swift; path = TestCodeExampleTests.swift; sourceTree = "<group>"; };
		BDDC19CA28DB6ABC0068F476 /* ViewModel.swift */ = {isa = PBXFileReference; lastKnownFileType = sourcecode.swift; path = ViewModel.swift; sourceTree = "<group>"; };
		BDDC19D028DCAD990068F476 /* TestCodeExampleUITests.xctest */ = {isa = PBXFileReference; explicitFileType = wrapper.cfbundle; includeInIndex = 0; path = TestCodeExampleUITests.xctest; sourceTree = BUILT_PRODUCTS_DIR; };
		BDDC19D228DCAD990068F476 /* TestCodeExampleUITests.swift */ = {isa = PBXFileReference; lastKnownFileType = sourcecode.swift; path = TestCodeExampleUITests.swift; sourceTree = "<group>"; };
/* End PBXFileReference section */

/* Begin PBXFrameworksBuildPhase section */
		BDDC19A328DA19B70068F476 /* Frameworks */ = {
			isa = PBXFrameworksBuildPhase;
			buildActionMask = 2147483647;
			files = (
			);
			runOnlyForDeploymentPostprocessing = 0;
		};
		BDDC19BE28DA1FBC0068F476 /* Frameworks */ = {
			isa = PBXFrameworksBuildPhase;
			buildActionMask = 2147483647;
			files = (
			);
			runOnlyForDeploymentPostprocessing = 0;
		};
		BDDC19CD28DCAD990068F476 /* Frameworks */ = {
			isa = PBXFrameworksBuildPhase;
			buildActionMask = 2147483647;
			files = (
			);
			runOnlyForDeploymentPostprocessing = 0;
		};
/* End PBXFrameworksBuildPhase section */

/* Begin PBXGroup section */
		BDDC199D28DA19B60068F476 = {
			isa = PBXGroup;
			children = (
				BDDC19A828DA19B70068F476 /* TestCodeExample */,
				BDDC19C228DA1FBC0068F476 /* TestCodeExampleTests */,
				BDDC19D128DCAD990068F476 /* TestCodeExampleUITests */,
				BDDC19A728DA19B70068F476 /* Products */,
			);
			sourceTree = "<group>";
		};
		BDDC19A728DA19B70068F476 /* Products */ = {
			isa = PBXGroup;
			children = (
				BDDC19A628DA19B70068F476 /* TestCodeExample.app */,
				BDDC19C128DA1FBC0068F476 /* TestCodeExampleTests.xctest */,
				BDDC19D028DCAD990068F476 /* TestCodeExampleUITests.xctest */,
			);
			name = Products;
			sourceTree = "<group>";
		};
		BDDC19A828DA19B70068F476 /* TestCodeExample */ = {
			isa = PBXGroup;
			children = (
				BDDC19A928DA19B70068F476 /* AppDelegate.swift */,
				BDDC19AB28DA19B70068F476 /* SceneDelegate.swift */,
				BDDC19AD28DA19B70068F476 /* ViewController.swift */,
				BDDC19CA28DB6ABC0068F476 /* ViewModel.swift */,
				BDDC19AF28DA19B70068F476 /* Main.storyboard */,
				BDDC19B228DA19B70068F476 /* Assets.xcassets */,
				BDDC19B428DA19B70068F476 /* LaunchScreen.storyboard */,
				BDDC19B728DA19B70068F476 /* Info.plist */,
			);
			path = TestCodeExample;
			sourceTree = "<group>";
		};
		BDDC19C228DA1FBC0068F476 /* TestCodeExampleTests */ = {
			isa = PBXGroup;
			children = (
				BDDC19C328DA1FBC0068F476 /* TestCodeExampleTests.swift */,
			);
			path = TestCodeExampleTests;
			sourceTree = "<group>";
		};
		BDDC19D128DCAD990068F476 /* TestCodeExampleUITests */ = {
			isa = PBXGroup;
			children = (
				BDDC19D228DCAD990068F476 /* TestCodeExampleUITests.swift */,
			);
			path = TestCodeExampleUITests;
			sourceTree = "<group>";
		};
/* End PBXGroup section */

/* Begin PBXNativeTarget section */
		BDDC19A528DA19B70068F476 /* TestCodeExample */ = {
			isa = PBXNativeTarget;
			buildConfigurationList = BDDC19BA28DA19B70068F476 /* Build configuration list for PBXNativeTarget "TestCodeExample" */;
			buildPhases = (
				BDDC19A228DA19B70068F476 /* Sources */,
				BDDC19A328DA19B70068F476 /* Frameworks */,
				BDDC19A428DA19B70068F476 /* Resources */,
			);
			buildRules = (
			);
			dependencies = (
			);
			name = TestCodeExample;
			productName = TestCodeExample;
			productReference = BDDC19A628DA19B70068F476 /* TestCodeExample.app */;
			productType = "com.apple.product-type.application";
		};
		BDDC19C028DA1FBC0068F476 /* TestCodeExampleTests */ = {
			isa = PBXNativeTarget;
			buildConfigurationList = BDDC19C728DA1FBC0068F476 /* Build configuration list for PBXNativeTarget "TestCodeExampleTests" */;
			buildPhases = (
				BDDC19BD28DA1FBC0068F476 /* Sources */,
				BDDC19BE28DA1FBC0068F476 /* Frameworks */,
				BDDC19BF28DA1FBC0068F476 /* Resources */,
			);
			buildRules = (
			);
			dependencies = (
				BDDC19C628DA1FBC0068F476 /* PBXTargetDependency */,
			);
			name = TestCodeExampleTests;
			productName = TestCodeExampleTests;
			productReference = BDDC19C128DA1FBC0068F476 /* TestCodeExampleTests.xctest */;
			productType = "com.apple.product-type.bundle.unit-test";
		};
		BDDC19CF28DCAD990068F476 /* TestCodeExampleUITests */ = {
			isa = PBXNativeTarget;
			buildConfigurationList = BDDC19D828DCAD990068F476 /* Build configuration list for PBXNativeTarget "TestCodeExampleUITests" */;
			buildPhases = (
				BDDC19CC28DCAD990068F476 /* Sources */,
				BDDC19CD28DCAD990068F476 /* Frameworks */,
				BDDC19CE28DCAD990068F476 /* Resources */,
			);
			buildRules = (
			);
			dependencies = (
				BDDC19D728DCAD990068F476 /* PBXTargetDependency */,
			);
			name = TestCodeExampleUITests;
			productName = TestCodeExampleUITests;
			productReference = BDDC19D028DCAD990068F476 /* TestCodeExampleUITests.xctest */;
			productType = "com.apple.product-type.bundle.ui-testing";
		};
/* End PBXNativeTarget section */

/* Begin PBXProject section */
		BDDC199E28DA19B60068F476 /* Project object */ = {
			isa = PBXProject;
			attributes = {
				BuildIndependentTargetsInParallel = 1;
				LastSwiftUpdateCheck = 1400;
				LastUpgradeCheck = 1400;
				TargetAttributes = {
					BDDC19A528DA19B70068F476 = {
						CreatedOnToolsVersion = 14.0;
					};
					BDDC19C028DA1FBC0068F476 = {
						CreatedOnToolsVersion = 14.0;
						TestTargetID = BDDC19A528DA19B70068F476;
					};
					BDDC19CF28DCAD990068F476 = {
						CreatedOnToolsVersion = 14.0;
						TestTargetID = BDDC19A528DA19B70068F476;
					};
				};
			};
			buildConfigurationList = BDDC19A128DA19B60068F476 /* Build configuration list for PBXProject "TestCodeExample" */;
			compatibilityVersion = "Xcode 14.0";
			developmentRegion = en;
			hasScannedForEncodings = 0;
			knownRegions = (
				en,
				Base,
			);
			mainGroup = BDDC199D28DA19B60068F476;
			productRefGroup = BDDC19A728DA19B70068F476 /* Products */;
			projectDirPath = "";
			projectRoot = "";
			targets = (
				BDDC19A528DA19B70068F476 /* TestCodeExample */,
				BDDC19C028DA1FBC0068F476 /* TestCodeExampleTests */,
				BDDC19CF28DCAD990068F476 /* TestCodeExampleUITests */,
			);
		};
/* End PBXProject section */

/* Begin PBXResourcesBuildPhase section */
		BDDC19A428DA19B70068F476 /* Resources */ = {
			isa = PBXResourcesBuildPhase;
			buildActionMask = 2147483647;
			files = (
				BDDC19B628DA19B70068F476 /* LaunchScreen.storyboard in Resources */,
				BDDC19B328DA19B70068F476 /* Assets.xcassets in Resources */,
				BDDC19B128DA19B70068F476 /* Main.storyboard in Resources */,
			);
			runOnlyForDeploymentPostprocessing = 0;
		};
		BDDC19BF28DA1FBC0068F476 /* Resources */ = {
			isa = PBXResourcesBuildPhase;
			buildActionMask = 2147483647;
			files = (
			);
			runOnlyForDeploymentPostprocessing = 0;
		};
		BDDC19CE28DCAD990068F476 /* Resources */ = {
			isa = PBXResourcesBuildPhase;
			buildActionMask = 2147483647;
			files = (
			);
			runOnlyForDeploymentPostprocessing = 0;
		};
/* End PBXResourcesBuildPhase section */

/* Begin PBXSourcesBuildPhase section */
		BDDC19A228DA19B70068F476 /* Sources */ = {
			isa = PBXSourcesBuildPhase;
			buildActionMask = 2147483647;
			files = (
				BDDC19AE28DA19B70068F476 /* ViewController.swift in Sources */,
				BDDC19AA28DA19B70068F476 /* AppDelegate.swift in Sources */,
				BDDC19CB28DB6ABC0068F476 /* ViewModel.swift in Sources */,
				BDDC19AC28DA19B70068F476 /* SceneDelegate.swift in Sources */,
			);
			runOnlyForDeploymentPostprocessing = 0;
		};
		BDDC19BD28DA1FBC0068F476 /* Sources */ = {
			isa = PBXSourcesBuildPhase;
			buildActionMask = 2147483647;
			files = (
				BDDC19C428DA1FBC0068F476 /* TestCodeExampleTests.swift in Sources */,
			);
			runOnlyForDeploymentPostprocessing = 0;
		};
		BDDC19CC28DCAD990068F476 /* Sources */ = {
			isa = PBXSourcesBuildPhase;
			buildActionMask = 2147483647;
			files = (
				BDDC19D328DCAD990068F476 /* TestCodeExampleUITests.swift in Sources */,
			);
			runOnlyForDeploymentPostprocessing = 0;
		};
/* End PBXSourcesBuildPhase section */

/* Begin PBXTargetDependency section */
		BDDC19C628DA1FBC0068F476 /* PBXTargetDependency */ = {
			isa = PBXTargetDependency;
			target = BDDC19A528DA19B70068F476 /* TestCodeExample */;
			targetProxy = BDDC19C528DA1FBC0068F476 /* PBXContainerItemProxy */;
		};
		BDDC19D728DCAD990068F476 /* PBXTargetDependency */ = {
			isa = PBXTargetDependency;
			target = BDDC19A528DA19B70068F476 /* TestCodeExample */;
			targetProxy = BDDC19D628DCAD990068F476 /* PBXContainerItemProxy */;
		};
/* End PBXTargetDependency section */

/* Begin PBXVariantGroup section */
		BDDC19AF28DA19B70068F476 /* Main.storyboard */ = {
			isa = PBXVariantGroup;
			children = (
				BDDC19B028DA19B70068F476 /* Base */,
			);
			name = Main.storyboard;
			sourceTree = "<group>";
		};
		BDDC19B428DA19B70068F476 /* LaunchScreen.storyboard */ = {
			isa = PBXVariantGroup;
			children = (
				BDDC19B528DA19B70068F476 /* Base */,
			);
			name = LaunchScreen.storyboard;
			sourceTree = "<group>";
		};
/* End PBXVariantGroup section */

/* Begin XCBuildConfiguration section */
		BDDC19B828DA19B70068F476 /* Debug */ = {
			isa = XCBuildConfiguration;
			buildSettings = {
				ALWAYS_SEARCH_USER_PATHS = NO;
				CLANG_ANALYZER_NONNULL = YES;
				CLANG_ANALYZER_NUMBER_OBJECT_CONVERSION = YES_AGGRESSIVE;
				CLANG_CXX_LANGUAGE_STANDARD = "gnu++20";
				CLANG_ENABLE_MODULES = YES;
				CLANG_ENABLE_OBJC_ARC = YES;
				CLANG_ENABLE_OBJC_WEAK = YES;
				CLANG_WARN_BLOCK_CAPTURE_AUTORELEASING = YES;
				CLANG_WARN_BOOL_CONVERSION = YES;
				CLANG_WARN_COMMA = YES;
				CLANG_WARN_CONSTANT_CONVERSION = YES;
				CLANG_WARN_DEPRECATED_OBJC_IMPLEMENTATIONS = YES;
				CLANG_WARN_DIRECT_OBJC_ISA_USAGE = YES_ERROR;
				CLANG_WARN_DOCUMENTATION_COMMENTS = YES;
				CLANG_WARN_EMPTY_BODY = YES;
				CLANG_WARN_ENUM_CONVERSION = YES;
				CLANG_WARN_INFINITE_RECURSION = YES;
				CLANG_WARN_INT_CONVERSION = YES;
				CLANG_WARN_NON_LITERAL_NULL_CONVERSION = YES;
				CLANG_WARN_OBJC_IMPLICIT_RETAIN_SELF = YES;
				CLANG_WARN_OBJC_LITERAL_CONVERSION = YES;
				CLANG_WARN_OBJC_ROOT_CLASS = YES_ERROR;
				CLANG_WARN_QUOTED_INCLUDE_IN_FRAMEWORK_HEADER = YES;
				CLANG_WARN_RANGE_LOOP_ANALYSIS = YES;
				CLANG_WARN_STRICT_PROTOTYPES = YES;
				CLANG_WARN_SUSPICIOUS_MOVE = YES;
				CLANG_WARN_UNGUARDED_AVAILABILITY = YES_AGGRESSIVE;
				CLANG_WARN_UNREACHABLE_CODE = YES;
				CLANG_WARN__DUPLICATE_METHOD_MATCH = YES;
				COPY_PHASE_STRIP = NO;
				DEBUG_INFORMATION_FORMAT = dwarf;
				ENABLE_STRICT_OBJC_MSGSEND = YES;
				ENABLE_TESTABILITY = YES;
				GCC_C_LANGUAGE_STANDARD = gnu11;
				GCC_DYNAMIC_NO_PIC = NO;
				GCC_NO_COMMON_BLOCKS = YES;
				GCC_OPTIMIZATION_LEVEL = 0;
				GCC_PREPROCESSOR_DEFINITIONS = (
					"DEBUG=1",
					"$(inherited)",
				);
				GCC_WARN_64_TO_32_BIT_CONVERSION = YES;
				GCC_WARN_ABOUT_RETURN_TYPE = YES_ERROR;
				GCC_WARN_UNDECLARED_SELECTOR = YES;
				GCC_WARN_UNINITIALIZED_AUTOS = YES_AGGRESSIVE;
				GCC_WARN_UNUSED_FUNCTION = YES;
				GCC_WARN_UNUSED_VARIABLE = YES;
				IPHONEOS_DEPLOYMENT_TARGET = 14.4;
				MTL_ENABLE_DEBUG_INFO = INCLUDE_SOURCE;
				MTL_FAST_MATH = YES;
				ONLY_ACTIVE_ARCH = YES;
				SDKROOT = iphoneos;
				SWIFT_ACTIVE_COMPILATION_CONDITIONS = DEBUG;
				SWIFT_OPTIMIZATION_LEVEL = "-Onone";
			};
			name = Debug;
		};
		BDDC19B928DA19B70068F476 /* Release */ = {
			isa = XCBuildConfiguration;
			buildSettings = {
				ALWAYS_SEARCH_USER_PATHS = NO;
				CLANG_ANALYZER_NONNULL = YES;
				CLANG_ANALYZER_NUMBER_OBJECT_CONVERSION = YES_AGGRESSIVE;
				CLANG_CXX_LANGUAGE_STANDARD = "gnu++20";
				CLANG_ENABLE_MODULES = YES;
				CLANG_ENABLE_OBJC_ARC = YES;
				CLANG_ENABLE_OBJC_WEAK = YES;
				CLANG_WARN_BLOCK_CAPTURE_AUTORELEASING = YES;
				CLANG_WARN_BOOL_CONVERSION = YES;
				CLANG_WARN_COMMA = YES;
				CLANG_WARN_CONSTANT_CONVERSION = YES;
				CLANG_WARN_DEPRECATED_OBJC_IMPLEMENTATIONS = YES;
				CLANG_WARN_DIRECT_OBJC_ISA_USAGE = YES_ERROR;
				CLANG_WARN_DOCUMENTATION_COMMENTS = YES;
				CLANG_WARN_EMPTY_BODY = YES;
				CLANG_WARN_ENUM_CONVERSION = YES;
				CLANG_WARN_INFINITE_RECURSION = YES;
				CLANG_WARN_INT_CONVERSION = YES;
				CLANG_WARN_NON_LITERAL_NULL_CONVERSION = YES;
				CLANG_WARN_OBJC_IMPLICIT_RETAIN_SELF = YES;
				CLANG_WARN_OBJC_LITERAL_CONVERSION = YES;
				CLANG_WARN_OBJC_ROOT_CLASS = YES_ERROR;
				CLANG_WARN_QUOTED_INCLUDE_IN_FRAMEWORK_HEADER = YES;
				CLANG_WARN_RANGE_LOOP_ANALYSIS = YES;
				CLANG_WARN_STRICT_PROTOTYPES = YES;
				CLANG_WARN_SUSPICIOUS_MOVE = YES;
				CLANG_WARN_UNGUARDED_AVAILABILITY = YES_AGGRESSIVE;
				CLANG_WARN_UNREACHABLE_CODE = YES;
				CLANG_WARN__DUPLICATE_METHOD_MATCH = YES;
				COPY_PHASE_STRIP = NO;
				DEBUG_INFORMATION_FORMAT = "dwarf-with-dsym";
				ENABLE_NS_ASSERTIONS = NO;
				ENABLE_STRICT_OBJC_MSGSEND = YES;
				GCC_C_LANGUAGE_STANDARD = gnu11;
				GCC_NO_COMMON_BLOCKS = YES;
				GCC_WARN_64_TO_32_BIT_CONVERSION = YES;
				GCC_WARN_ABOUT_RETURN_TYPE = YES_ERROR;
				GCC_WARN_UNDECLARED_SELECTOR = YES;
				GCC_WARN_UNINITIALIZED_AUTOS = YES_AGGRESSIVE;
				GCC_WARN_UNUSED_FUNCTION = YES;
				GCC_WARN_UNUSED_VARIABLE = YES;
				IPHONEOS_DEPLOYMENT_TARGET = 14.4;
				MTL_ENABLE_DEBUG_INFO = NO;
				MTL_FAST_MATH = YES;
				SDKROOT = iphoneos;
				SWIFT_COMPILATION_MODE = wholemodule;
				SWIFT_OPTIMIZATION_LEVEL = "-O";
				VALIDATE_PRODUCT = YES;
			};
			name = Release;
		};
		BDDC19BB28DA19B70068F476 /* Debug */ = {
			isa = XCBuildConfiguration;
			buildSettings = {
				ASSETCATALOG_COMPILER_APPICON_NAME = AppIcon;
				ASSETCATALOG_COMPILER_GLOBAL_ACCENT_COLOR_NAME = AccentColor;
				CODE_SIGN_STYLE = Automatic;
				CURRENT_PROJECT_VERSION = 1;
				DEVELOPMENT_TEAM = YT86278469;
				GENERATE_INFOPLIST_FILE = YES;
				INFOPLIST_FILE = TestCodeExample/Info.plist;
				INFOPLIST_KEY_UIApplicationSupportsIndirectInputEvents = YES;
				INFOPLIST_KEY_UILaunchStoryboardName = LaunchScreen;
				INFOPLIST_KEY_UIMainStoryboardFile = Main;
				INFOPLIST_KEY_UISupportedInterfaceOrientations_iPad = "UIInterfaceOrientationPortrait UIInterfaceOrientationPortraitUpsideDown UIInterfaceOrientationLandscapeLeft UIInterfaceOrientationLandscapeRight";
				INFOPLIST_KEY_UISupportedInterfaceOrientations_iPhone = "UIInterfaceOrientationPortrait UIInterfaceOrientationLandscapeLeft UIInterfaceOrientationLandscapeRight";
				LD_RUNPATH_SEARCH_PATHS = (
					"$(inherited)",
					"@executable_path/Frameworks",
				);
				MARKETING_VERSION = 1.0;
				PRODUCT_BUNDLE_IDENTIFIER = com.yourcompany.TestCodeExample;
				PRODUCT_NAME = "$(TARGET_NAME)";
				SWIFT_EMIT_LOC_STRINGS = YES;
				SWIFT_VERSION = 5.0;
				TARGETED_DEVICE_FAMILY = "1,2";
			};
			name = Debug;
		};
		BDDC19BC28DA19B70068F476 /* Release */ = {
			isa = XCBuildConfiguration;
			buildSettings = {
				ASSETCATALOG_COMPILER_APPICON_NAME = AppIcon;
				ASSETCATALOG_COMPILER_GLOBAL_ACCENT_COLOR_NAME = AccentColor;
				CODE_SIGN_STYLE = Automatic;
				CURRENT_PROJECT_VERSION = 1;
				DEVELOPMENT_TEAM = YT86278469;
				GENERATE_INFOPLIST_FILE = YES;
				INFOPLIST_FILE = TestCodeExample/Info.plist;
				INFOPLIST_KEY_UIApplicationSupportsIndirectInputEvents = YES;
				INFOPLIST_KEY_UILaunchStoryboardName = LaunchScreen;
				INFOPLIST_KEY_UIMainStoryboardFile = Main;
				INFOPLIST_KEY_UISupportedInterfaceOrientations_iPad = "UIInterfaceOrientationPortrait UIInterfaceOrientationPortraitUpsideDown UIInterfaceOrientationLandscapeLeft UIInterfaceOrientationLandscapeRight";
				INFOPLIST_KEY_UISupportedInterfaceOrientations_iPhone = "UIInterfaceOrientationPortrait UIInterfaceOrientationLandscapeLeft UIInterfaceOrientationLandscapeRight";
				LD_RUNPATH_SEARCH_PATHS = (
					"$(inherited)",
					"@executable_path/Frameworks",
				);
				MARKETING_VERSION = 1.0;
				PRODUCT_BUNDLE_IDENTIFIER = com.yourcompany.TestCodeExample;
				PRODUCT_NAME = "$(TARGET_NAME)";
				SWIFT_EMIT_LOC_STRINGS = YES;
				SWIFT_VERSION = 5.0;
				TARGETED_DEVICE_FAMILY = "1,2";
			};
			name = Release;
		};
		BDDC19C828DA1FBC0068F476 /* Debug */ = {
			isa = XCBuildConfiguration;
			buildSettings = {
				BUNDLE_LOADER = "$(TEST_HOST)";
				CODE_SIGN_STYLE = Automatic;
				CURRENT_PROJECT_VERSION = 1;
				DEVELOPMENT_TEAM = YT86278469;
				GENERATE_INFOPLIST_FILE = YES;
				IPHONEOS_DEPLOYMENT_TARGET = 16.0;
				MACOSX_DEPLOYMENT_TARGET = 12.3;
				MARKETING_VERSION = 1.0;
				PRODUCT_BUNDLE_IDENTIFIER = com.yourcompany.TestCodeExampleTests;
				PRODUCT_NAME = "$(TARGET_NAME)";
				SDKROOT = auto;
				SUPPORTED_PLATFORMS = "iphoneos iphonesimulator macosx";
				SWIFT_EMIT_LOC_STRINGS = NO;
				SWIFT_VERSION = 5.0;
				TARGETED_DEVICE_FAMILY = "1,2";
				TEST_HOST = "$(BUILT_PRODUCTS_DIR)/TestCodeExample.app/$(BUNDLE_EXECUTABLE_FOLDER_PATH)/TestCodeExample";
			};
			name = Debug;
		};
		BDDC19C928DA1FBC0068F476 /* Release */ = {
			isa = XCBuildConfiguration;
			buildSettings = {
				BUNDLE_LOADER = "$(TEST_HOST)";
				CODE_SIGN_STYLE = Automatic;
				CURRENT_PROJECT_VERSION = 1;
				DEVELOPMENT_TEAM = YT86278469;
				GENERATE_INFOPLIST_FILE = YES;
				IPHONEOS_DEPLOYMENT_TARGET = 16.0;
				MACOSX_DEPLOYMENT_TARGET = 12.3;
				MARKETING_VERSION = 1.0;
				PRODUCT_BUNDLE_IDENTIFIER = com.yourcompany.TestCodeExampleTests;
				PRODUCT_NAME = "$(TARGET_NAME)";
				SDKROOT = auto;
				SUPPORTED_PLATFORMS = "iphoneos iphonesimulator macosx";
				SWIFT_EMIT_LOC_STRINGS = NO;
				SWIFT_VERSION = 5.0;
				TARGETED_DEVICE_FAMILY = "1,2";
				TEST_HOST = "$(BUILT_PRODUCTS_DIR)/TestCodeExample.app/$(BUNDLE_EXECUTABLE_FOLDER_PATH)/TestCodeExample";
			};
			name = Release;
		};
		BDDC19D928DCAD990068F476 /* Debug */ = {
			isa = XCBuildConfiguration;
			buildSettings = {
				CODE_SIGN_STYLE = Automatic;
				CURRENT_PROJECT_VERSION = 1;
				DEVELOPMENT_TEAM = YT86278469;
				GENERATE_INFOPLIST_FILE = YES;
				MARKETING_VERSION = 1.0;
				PRODUCT_BUNDLE_IDENTIFIER = com.yourcompany.TestCodeExampleUITests;
				PRODUCT_NAME = "$(TARGET_NAME)";
				SWIFT_EMIT_LOC_STRINGS = NO;
				SWIFT_VERSION = 5.0;
				TARGETED_DEVICE_FAMILY = "1,2";
				TEST_TARGET_NAME = TestCodeExample;
			};
			name = Debug;
		};
		BDDC19DA28DCAD990068F476 /* Release */ = {
			isa = XCBuildConfiguration;
			buildSettings = {
				CODE_SIGN_STYLE = Automatic;
				CURRENT_PROJECT_VERSION = 1;
				DEVELOPMENT_TEAM = YT86278469;
				GENERATE_INFOPLIST_FILE = YES;
				MARKETING_VERSION = 1.0;
				PRODUCT_BUNDLE_IDENTIFIER = com.yourcompany.TestCodeExampleUITests;
				PRODUCT_NAME = "$(TARGET_NAME)";
				SWIFT_EMIT_LOC_STRINGS = NO;
				SWIFT_VERSION = 5.0;
				TARGETED_DEVICE_FAMILY = "1,2";
				TEST_TARGET_NAME = TestCodeExample;
			};
			name = Release;
		};
/* End XCBuildConfiguration section */

/* Begin XCConfigurationList section */
		BDDC19A128DA19B60068F476 /* Build configuration list for PBXProject "TestCodeExample" */ = {
			isa = XCConfigurationList;
			buildConfigurations = (
				BDDC19B828DA19B70068F476 /* Debug */,
				BDDC19B928DA19B70068F476 /* Release */,
			);
			defaultConfigurationIsVisible = 0;
			defaultConfigurationName = Release;
		};
		BDDC19BA28DA19B70068F476 /* Build configuration list for PBXNativeTarget "TestCodeExample" */ = {
			isa = XCConfigurationList;
			buildConfigurations = (
				BDDC19BB28DA19B70068F476 /* Debug */,
				BDDC19BC28DA19B70068F476 /* Release */,
			);
			defaultConfigurationIsVisible = 0;
			defaultConfigurationName = Release;
		};
		BDDC19C728DA1FBC0068F476 /* Build configuration list for PBXNativeTarget "TestCodeExampleTests" */ = {
			isa = XCConfigurationList;
			buildConfigurations = (
				BDDC19C828DA1FBC0068F476 /* Debug */,
				BDDC19C928DA1FBC0068F476 /* Release */,
			);
			defaultConfigurationIsVisible = 0;
			defaultConfigurationName = Release;
		};
		BDDC19D828DCAD990068F476 /* Build configuration list for PBXNativeTarget "TestCodeExampleUITests" */ = {
			isa = XCConfigurationList;
			buildConfigurations = (
				BDDC19D928DCAD990068F476 /* Debug */,
				BDDC19DA28DCAD990068F476 /* Release */,
			);
			defaultConfigurationIsVisible = 0;
			defaultConfigurationName = Release;
		};
/* End XCConfigurationList section */
	};
	rootObject = BDDC199E28DA19B60068F476 /* Project object */;
}
